# This file is generated by running "yarn install" inside your project.
# Manual changes might be lost - proceed with caution!

__metadata:
  version: 6
  cacheKey: 8

"@fortawesome/fontawesome-common-types@npm:6.2.1":
  version: 6.2.1
  resolution: "@fortawesome/fontawesome-common-types@npm:6.2.1"
  checksum: 1a6e202beac46bc7e7bf791b37b6164b15453cc70b078456121c77d516a1077a1cfdab8aa9c77358c71f87f54560c0d9cbfb440cfb871f6d0f1f4671aabf9a0a
  languageName: node
  linkType: hard

"@fortawesome/fontawesome-svg-core@npm:^6.2.1":
  version: 6.2.1
  resolution: "@fortawesome/fontawesome-svg-core@npm:6.2.1"
  dependencies:
    "@fortawesome/fontawesome-common-types": 6.2.1
  checksum: 16caf6052b77c03826274325d4bd76d11cba486411c3101a635d3342dd764df8f5b4789456c9caa1667c232853a670f91dddf0449218e5fea7a27f4396b838af
  languageName: node
  linkType: hard

"root-workspace-0b6124@workspace:.":
  version: 0.0.0-use.local
  resolution: "root-workspace-0b6124@workspace:."
  dependencies:
    "@fortawesome/fontawesome-svg-core": ^6.2.1
    uuid: ^9.0.0
  languageName: unknown
  linkType: soft

"uuid@npm:^9.0.0":
  version: 9.0.0
  resolution: "uuid@npm:9.0.0"
  bin:
    uuid: dist/bin/uuid
  checksum: 8dd2c83c43ddc7e1c71e36b60aea40030a6505139af6bee0f382ebcd1a56f6cd3028f7f06ffb07f8cf6ced320b76aea275284b224b002b289f89fe89c389b028
  languageName: node
  linkType: hard
